
Microsoft Visual Studio Solution File, Format Version 12.00
# Visual Studio Version 17
VisualStudioVersion = 17.7.34202.233
MinimumVisualStudioVersion = 10.0.40219.1
Project("{9A19103F-16F7-4668-BE54-9A1E7A4F7556}") = "EducationApp", "EducationApp\EducationApp.csproj", "{BACE7988-F9DE-44A5-86ED-35C6923C54AD}"
EndProject
Global
	GlobalSection(SolutionConfigurationPlatforms) = preSolution
		Debug|Any CPU = Debug|Any CPU
		Release|Any CPU = Release|Any CPU
	EndGlobalSection
	GlobalSection(ProjectConfigurationPlatforms) = postSolution
		{BACE7988-F9DE-44A5-86ED-35C6923C54AD}.Debug|Any CPU.ActiveCfg = Debug|Any CPU
		{BACE7988-F9DE-44A5-86ED-35C6923C54AD}.Debug|Any CPU.Build.0 = Debug|Any CPU
		{BACE7988-F9DE-44A5-86ED-35C6923C54AD}.Release|Any CPU.ActiveCfg = Release|Any CPU
		{BACE7988-F9DE-44A5-86ED-35C6923C54AD}.Release|Any CPU.Build.0 = Release|Any CPU
	EndGlobalSection
	GlobalSection(SolutionProperties) = preSolution
		HideSolutionNode = FALSE
	EndGlobalSection
	GlobalSection(ExtensibilityGlobals) = postSolution
		SolutionGuid = {FBB895E7-1C34-407D-B3FD-4261F546E04D}
	EndGlobalSection
EndGlobal
